// !$*UTF8*$!
{
	archiveVersion = 1;
	classes = {
	};
	objectVersion = 50;
	objects = {

/* Begin PBXBuildFile section */
		5C19AFF523444A4A006B607A /* AppDelegate.swift in Sources */ = {isa = PBXBuildFile; fileRef = 5C19AFF423444A4A006B607A /* AppDelegate.swift */; };
		5C19AFF723444A4A006B607A /* ContentView.swift in Sources */ = {isa = PBXBuildFile; fileRef = 5C19AFF623444A4A006B607A /* ContentView.swift */; };
		5C19AFF923444A4A006B607A /* Experience.rcproject in Sources */ = {isa = PBXBuildFile; fileRef = 5C19AFF823444A4A006B607A /* Experience.rcproject */; };
		5C19AFFB23444A4B006B607A /* Assets.xcassets in Resources */ = {isa = PBXBuildFile; fileRef = 5C19AFFA23444A4B006B607A /* Assets.xcassets */; };
		5C19AFFE23444A4B006B607A /* Preview Assets.xcassets in Resources */ = {isa = PBXBuildFile; fileRef = 5C19AFFD23444A4B006B607A /* Preview Assets.xcassets */; };
		5C19B00123444A4B006B607A /* LaunchScreen.storyboard in Resources */ = {isa = PBXBuildFile; fileRef = 5C19AFFF23444A4B006B607A /* LaunchScreen.storyboard */; };
		5C19B00C23444A4C006B607A /* ARtTests.swift in Sources */ = {isa = PBXBuildFile; fileRef = 5C19B00B23444A4C006B607A /* ARtTests.swift */; };
		5C19B01723444A4C006B607A /* ARtUITests.swift in Sources */ = {isa = PBXBuildFile; fileRef = 5C19B01623444A4C006B607A /* ARtUITests.swift */; };
/* End PBXBuildFile section */

/* Begin PBXContainerItemProxy section */
		5C19B00823444A4C006B607A /* PBXContainerItemProxy */ = {
			isa = PBXContainerItemProxy;
			containerPortal = 5C19AFE923444A4A006B607A /* Project object */;
			proxyType = 1;
			remoteGlobalIDString = 5C19AFF023444A4A006B607A;
			remoteInfo = ARt;
		};
		5C19B01323444A4C006B607A /* PBXContainerItemProxy */ = {
			isa = PBXContainerItemProxy;
			containerPortal = 5C19AFE923444A4A006B607A /* Project object */;
			proxyType = 1;
			remoteGlobalIDString = 5C19AFF023444A4A006B607A;
			remoteInfo = ARt;
		};
/* End PBXContainerItemProxy section */

/* Begin PBXFileReference section */
		5C19AFF123444A4A006B607A /* ARt.app */ = {isa = PBXFileReference; explicitFileType = wrapper.application; includeInIndex = 0; path = ARt.app; sourceTree = BUILT_PRODUCTS_DIR; };
		5C19AFF423444A4A006B607A /* AppDelegate.swift */ = {isa = PBXFileReference; lastKnownFileType = sourcecode.swift; path = AppDelegate.swift; sourceTree = "<group>"; };
		5C19AFF623444A4A006B607A /* ContentView.swift */ = {isa = PBXFileReference; lastKnownFileType = sourcecode.swift; path = ContentView.swift; sourceTree = "<group>"; };
		5C19AFF823444A4A006B607A /* Experience.rcproject */ = {isa = PBXFileReference; lastKnownFileType = file.rcproject; path = Experience.rcproject; sourceTree = "<group>"; };
		5C19AFFA23444A4B006B607A /* Assets.xcassets */ = {isa = PBXFileReference; lastKnownFileType = folder.assetcatalog; path = Assets.xcassets; sourceTree = "<group>"; };
		5C19AFFD23444A4B006B607A /* Preview Assets.xcassets */ = {isa = PBXFileReference; lastKnownFileType = folder.assetcatalog; path = "Preview Assets.xcassets"; sourceTree = "<group>"; };
		5C19B00023444A4B006B607A /* Base */ = {isa = PBXFileReference; lastKnownFileType = file.storyboard; name = Base; path = Base.lproj/LaunchScreen.storyboard; sourceTree = "<group>"; };
		5C19B00223444A4B006B607A /* Info.plist */ = {isa = PBXFileReference; lastKnownFileType = text.plist.xml; path = Info.plist; sourceTree = "<group>"; };
		5C19B00723444A4C006B607A /* ARtTests.xctest */ = {isa = PBXFileReference; explicitFileType = wrapper.cfbundle; includeInIndex = 0; path = ARtTests.xctest; sourceTree = BUILT_PRODUCTS_DIR; };
		5C19B00B23444A4C006B607A /* ARtTests.swift */ = {isa = PBXFileReference; lastKnownFileType = sourcecode.swift; path = ARtTests.swift; sourceTree = "<group>"; };
		5C19B00D23444A4C006B607A /* Info.plist */ = {isa = PBXFileReference; lastKnownFileType = text.plist.xml; path = Info.plist; sourceTree = "<group>"; };
		5C19B01223444A4C006B607A /* ARtUITests.xctest */ = {isa = PBXFileReference; explicitFileType = wrapper.cfbundle; includeInIndex = 0; path = ARtUITests.xctest; sourceTree = BUILT_PRODUCTS_DIR; };
		5C19B01623444A4C006B607A /* ARtUITests.swift */ = {isa = PBXFileReference; lastKnownFileType = sourcecode.swift; path = ARtUITests.swift; sourceTree = "<group>"; };
		5C19B01823444A4C006B607A /* Info.plist */ = {isa = PBXFileReference; lastKnownFileType = text.plist.xml; path = Info.plist; sourceTree = "<group>"; };
/* End PBXFileReference section */

/* Begin PBXFrameworksBuildPhase section */
		5C19AFEE23444A4A006B607A /* Frameworks */ = {
			isa = PBXFrameworksBuildPhase;
			buildActionMask = 2147483647;
			files = (
			);
			runOnlyForDeploymentPostprocessing = 0;
		};
		5C19B00423444A4C006B607A /* Frameworks */ = {
			isa = PBXFrameworksBuildPhase;
			buildActionMask = 2147483647;
			files = (
			);
			runOnlyForDeploymentPostprocessing = 0;
		};
		5C19B00F23444A4C006B607A /* Frameworks */ = {
			isa = PBXFrameworksBuildPhase;
			buildActionMask = 2147483647;
			files = (
			);
			runOnlyForDeploymentPostprocessing = 0;
		};
/* End PBXFrameworksBuildPhase section */

/* Begin PBXGroup section */
		5C19AFE823444A4A006B607A = {
			isa = PBXGroup;
			children = (
				5C19AFF323444A4A006B607A /* ARt */,
				5C19B00A23444A4C006B607A /* ARtTests */,
				5C19B01523444A4C006B607A /* ARtUITests */,
				5C19AFF223444A4A006B607A /* Products */,
			);
			sourceTree = "<group>";
		};
		5C19AFF223444A4A006B607A /* Products */ = {
			isa = PBXGroup;
			children = (
				5C19AFF123444A4A006B607A /* ARt.app */,
				5C19B00723444A4C006B607A /* ARtTests.xctest */,
				5C19B01223444A4C006B607A /* ARtUITests.xctest */,
			);
			name = Products;
			sourceTree = "<group>";
		};
		5C19AFF323444A4A006B607A /* ARt */ = {
			isa = PBXGroup;
			children = (
				5C19AFF423444A4A006B607A /* AppDelegate.swift */,
				5C19AFF623444A4A006B607A /* ContentView.swift */,
				5C19AFF823444A4A006B607A /* Experience.rcproject */,
				5C19AFFA23444A4B006B607A /* Assets.xcassets */,
				5C19AFFF23444A4B006B607A /* LaunchScreen.storyboard */,
				5C19B00223444A4B006B607A /* Info.plist */,
				5C19AFFC23444A4B006B607A /* Preview Content */,
			);
			path = ARt;
			sourceTree = "<group>";
		};
		5C19AFFC23444A4B006B607A /* Preview Content */ = {
			isa = PBXGroup;
			children = (
				5C19AFFD23444A4B006B607A /* Preview Assets.xcassets */,
			);
			path = "Preview Content";
			sourceTree = "<group>";
		};
		5C19B00A23444A4C006B607A /* ARtTests */ = {
			isa = PBXGroup;
			children = (
				5C19B00B23444A4C006B607A /* ARtTests.swift */,
				5C19B00D23444A4C006B607A /* Info.plist */,
			);
			path = ARtTests;
			sourceTree = "<group>";
		};
		5C19B01523444A4C006B607A /* ARtUITests */ = {
			isa = PBXGroup;
			children = (
				5C19B01623444A4C006B607A /* ARtUITests.swift */,
				5C19B01823444A4C006B607A /* Info.plist */,
			);
			path = ARtUITests;
			sourceTree = "<group>";
		};
/* End PBXGroup section */

/* Begin PBXNativeTarget section */
		5C19AFF023444A4A006B607A /* ARt */ = {
			isa = PBXNativeTarget;
			buildConfigurationList = 5C19B01B23444A4C006B607A /* Build configuration list for PBXNativeTarget "ARt" */;
			buildPhases = (
				5C19AFED23444A4A006B607A /* Sources */,
				5C19AFEE23444A4A006B607A /* Frameworks */,
				5C19AFEF23444A4A006B607A /* Resources */,
			);
			buildRules = (
			);
			dependencies = (
			);
			name = ARt;
			productName = ARt;
			productReference = 5C19AFF123444A4A006B607A /* ARt.app */;
			productType = "com.apple.product-type.application";
		};
		5C19B00623444A4C006B607A /* ARtTests */ = {
			isa = PBXNativeTarget;
			buildConfigurationList = 5C19B01E23444A4C006B607A /* Build configuration list for PBXNativeTarget "ARtTests" */;
			buildPhases = (
				5C19B00323444A4C006B607A /* Sources */,
				5C19B00423444A4C006B607A /* Frameworks */,
				5C19B00523444A4C006B607A /* Resources */,
			);
			buildRules = (
			);
			dependencies = (
				5C19B00923444A4C006B607A /* PBXTargetDependency */,
			);
			name = ARtTests;
			productName = ARtTests;
			productReference = 5C19B00723444A4C006B607A /* ARtTests.xctest */;
			productType = "com.apple.product-type.bundle.unit-test";
		};
		5C19B01123444A4C006B607A /* ARtUITests */ = {
			isa = PBXNativeTarget;
			buildConfigurationList = 5C19B02123444A4C006B607A /* Build configuration list for PBXNativeTarget "ARtUITests" */;
			buildPhases = (
				5C19B00E23444A4C006B607A /* Sources */,
				5C19B00F23444A4C006B607A /* Frameworks */,
				5C19B01023444A4C006B607A /* Resources */,
			);
			buildRules = (
			);
			dependencies = (
				5C19B01423444A4C006B607A /* PBXTargetDependency */,
			);
			name = ARtUITests;
			productName = ARtUITests;
			productReference = 5C19B01223444A4C006B607A /* ARtUITests.xctest */;
			productType = "com.apple.product-type.bundle.ui-testing";
		};
/* End PBXNativeTarget section */

/* Begin PBXProject section */
		5C19AFE923444A4A006B607A /* Project object */ = {
			isa = PBXProject;
			attributes = {
				LastSwiftUpdateCheck = 1100;
				LastUpgradeCheck = 1100;
				ORGANIZATIONNAME = "Mauricio Hernandes";
				TargetAttributes = {
					5C19AFF023444A4A006B607A = {
						CreatedOnToolsVersion = 11.0;
					};
					5C19B00623444A4C006B607A = {
						CreatedOnToolsVersion = 11.0;
						TestTargetID = 5C19AFF023444A4A006B607A;
					};
					5C19B01123444A4C006B607A = {
						CreatedOnToolsVersion = 11.0;
						TestTargetID = 5C19AFF023444A4A006B607A;
					};
				};
			};
			buildConfigurationList = 5C19AFEC23444A4A006B607A /* Build configuration list for PBXProject "ARt" */;
			compatibilityVersion = "Xcode 9.3";
			developmentRegion = en;
			hasScannedForEncodings = 0;
			knownRegions = (
				en,
				Base,
			);
			mainGroup = 5C19AFE823444A4A006B607A;
			productRefGroup = 5C19AFF223444A4A006B607A /* Products */;
			projectDirPath = "";
			projectRoot = "";
			targets = (
				5C19AFF023444A4A006B607A /* ARt */,
				5C19B00623444A4C006B607A /* ARtTests */,
				5C19B01123444A4C006B607A /* ARtUITests */,
			);
		};
/* End PBXProject section */

/* Begin PBXResourcesBuildPhase section */
		5C19AFEF23444A4A006B607A /* Resources */ = {
			isa = PBXResourcesBuildPhase;
			buildActionMask = 2147483647;
			files = (
				5C19B00123444A4B006B607A /* LaunchScreen.storyboard in Resources */,
				5C19AFFE23444A4B006B607A /* Preview Assets.xcassets in Resources */,
				5C19AFFB23444A4B006B607A /* Assets.xcassets in Resources */,
			);
			runOnlyForDeploymentPostprocessing = 0;
		};
		5C19B00523444A4C006B607A /* Resources */ = {
			isa = PBXResourcesBuildPhase;
			buildActionMask = 2147483647;
			files = (
			);
			runOnlyForDeploymentPostprocessing = 0;
		};
		5C19B01023444A4C006B607A /* Resources */ = {
			isa = PBXResourcesBuildPhase;
			buildActionMask = 2147483647;
			files = (
			);
			runOnlyForDeploymentPostprocessing = 0;
		};
/* End PBXResourcesBuildPhase section */

/* Begin PBXSourcesBuildPhase section */
		5C19AFED23444A4A006B607A /* Sources */ = {
			isa = PBXSourcesBuildPhase;
			buildActionMask = 2147483647;
			files = (
				5C19AFF723444A4A006B607A /* ContentView.swift in Sources */,
				5C19AFF523444A4A006B607A /* AppDelegate.swift in Sources */,
				5C19AFF923444A4A006B607A /* Experience.rcproject in Sources */,
			);
			runOnlyForDeploymentPostprocessing = 0;
		};
		5C19B00323444A4C006B607A /* Sources */ = {
			isa = PBXSourcesBuildPhase;
			buildActionMask = 2147483647;
			files = (
				5C19B00C23444A4C006B607A /* ARtTests.swift in Sources */,
			);
			runOnlyForDeploymentPostprocessing = 0;
		};
		5C19B00E23444A4C006B607A /* Sources */ = {
			isa = PBXSourcesBuildPhase;
			buildActionMask = 2147483647;
			files = (
				5C19B01723444A4C006B607A /* ARtUITests.swift in Sources */,
			);
			runOnlyForDeploymentPostprocessing = 0;
		};
/* End PBXSourcesBuildPhase section */

/* Begin PBXTargetDependency section */
		5C19B00923444A4C006B607A /* PBXTargetDependency */ = {
			isa = PBXTargetDependency;
			target = 5C19AFF023444A4A006B607A /* ARt */;
			targetProxy = 5C19B00823444A4C006B607A /* PBXContainerItemProxy */;
		};
		5C19B01423444A4C006B607A /* PBXTargetDependency */ = {
			isa = PBXTargetDependency;
			target = 5C19AFF023444A4A006B607A /* ARt */;
			targetProxy = 5C19B01323444A4C006B607A /* PBXContainerItemProxy */;
		};
/* End PBXTargetDependency section */

/* Begin PBXVariantGroup section */
		5C19AFFF23444A4B006B607A /* LaunchScreen.storyboard */ = {
			isa = PBXVariantGroup;
			children = (
				5C19B00023444A4B006B607A /* Base */,
			);
			name = LaunchScreen.storyboard;
			sourceTree = "<group>";
		};
/* End PBXVariantGroup section */

/* Begin XCBuildConfiguration section */
		5C19B01923444A4C006B607A /* Debug */ = {
			isa = XCBuildConfiguration;
			buildSettings = {
				ALWAYS_SEARCH_USER_PATHS = NO;
				CLANG_ANALYZER_NONNULL = YES;
				CLANG_ANALYZER_NUMBER_OBJECT_CONVERSION = YES_AGGRESSIVE;
				CLANG_CXX_LANGUAGE_STANDARD = "gnu++14";
				CLANG_CXX_LIBRARY = "libc++";
				CLANG_ENABLE_MODULES = YES;
				CLANG_ENABLE_OBJC_ARC = YES;
				CLANG_ENABLE_OBJC_WEAK = YES;
				CLANG_WARN_BLOCK_CAPTURE_AUTORELEASING = YES;
				CLANG_WARN_BOOL_CONVERSION = YES;
				CLANG_WARN_COMMA = YES;
				CLANG_WARN_CONSTANT_CONVERSION = YES;
				CLANG_WARN_DEPRECATED_OBJC_IMPLEMENTATIONS = YES;
				CLANG_WARN_DIRECT_OBJC_ISA_USAGE = YES_ERROR;
				CLANG_WARN_DOCUMENTATION_COMMENTS = YES;
				CLANG_WARN_EMPTY_BODY = YES;
				CLANG_WARN_ENUM_CONVERSION = YES;
				CLANG_WARN_INFINITE_RECURSION = YES;
				CLANG_WARN_INT_CONVERSION = YES;
				CLANG_WARN_NON_LITERAL_NULL_CONVERSION = YES;
				CLANG_WARN_OBJC_IMPLICIT_RETAIN_SELF = YES;
				CLANG_WARN_OBJC_LITERAL_CONVERSION = YES;
				CLANG_WARN_OBJC_ROOT_CLASS = YES_ERROR;
				CLANG_WARN_RANGE_LOOP_ANALYSIS = YES;
				CLANG_WARN_STRICT_PROTOTYPES = YES;
				CLANG_WARN_SUSPICIOUS_MOVE = YES;
				CLANG_WARN_UNGUARDED_AVAILABILITY = YES_AGGRESSIVE;
				CLANG_WARN_UNREACHABLE_CODE = YES;
				CLANG_WARN__DUPLICATE_METHOD_MATCH = YES;
				COPY_PHASE_STRIP = NO;
				DEBUG_INFORMATION_FORMAT = dwarf;
				ENABLE_STRICT_OBJC_MSGSEND = YES;
				ENABLE_TESTABILITY = YES;
				GCC_C_LANGUAGE_STANDARD = gnu11;
				GCC_DYNAMIC_NO_PIC = NO;
				GCC_NO_COMMON_BLOCKS = YES;
				GCC_OPTIMIZATION_LEVEL = 0;
				GCC_PREPROCESSOR_DEFINITIONS = (
					"DEBUG=1",
					"$(inherited)",
				);
				GCC_WARN_64_TO_32_BIT_CONVERSION = YES;
				GCC_WARN_ABOUT_RETURN_TYPE = YES_ERROR;
				GCC_WARN_UNDECLARED_SELECTOR = YES;
				GCC_WARN_UNINITIALIZED_AUTOS = YES_AGGRESSIVE;
				GCC_WARN_UNUSED_FUNCTION = YES;
				GCC_WARN_UNUSED_VARIABLE = YES;
				IPHONEOS_DEPLOYMENT_TARGET = 13.0;
				MTL_ENABLE_DEBUG_INFO = INCLUDE_SOURCE;
				MTL_FAST_MATH = YES;
				ONLY_ACTIVE_ARCH = YES;
				SDKROOT = iphoneos;
				SWIFT_ACTIVE_COMPILATION_CONDITIONS = DEBUG;
				SWIFT_OPTIMIZATION_LEVEL = "-Onone";
			};
			name = Debug;
		};
		5C19B01A23444A4C006B607A /* Release */ = {
			isa = XCBuildConfiguration;
			buildSettings = {
				ALWAYS_SEARCH_USER_PATHS = NO;
				CLANG_ANALYZER_NONNULL = YES;
				CLANG_ANALYZER_NUMBER_OBJECT_CONVERSION = YES_AGGRESSIVE;
				CLANG_CXX_LANGUAGE_STANDARD = "gnu++14";
				CLANG_CXX_LIBRARY = "libc++";
				CLANG_ENABLE_MODULES = YES;
				CLANG_ENABLE_OBJC_ARC = YES;
				CLANG_ENABLE_OBJC_WEAK = YES;
				CLANG_WARN_BLOCK_CAPTURE_AUTORELEASING = YES;
				CLANG_WARN_BOOL_CONVERSION = YES;
				CLANG_WARN_COMMA = YES;
				CLANG_WARN_CONSTANT_CONVERSION = YES;
				CLANG_WARN_DEPRECATED_OBJC_IMPLEMENTATIONS = YES;
				CLANG_WARN_DIRECT_OBJC_ISA_USAGE = YES_ERROR;
				CLANG_WARN_DOCUMENTATION_COMMENTS = YES;
				CLANG_WARN_EMPTY_BODY = YES;
				CLANG_WARN_ENUM_CONVERSION = YES;
				CLANG_WARN_INFINITE_RECURSION = YES;
				CLANG_WARN_INT_CONVERSION = YES;
				CLANG_WARN_NON_LITERAL_NULL_CONVERSION = YES;
				CLANG_WARN_OBJC_IMPLICIT_RETAIN_SELF = YES;
				CLANG_WARN_OBJC_LITERAL_CONVERSION = YES;
				CLANG_WARN_OBJC_ROOT_CLASS = YES_ERROR;
				CLANG_WARN_RANGE_LOOP_ANALYSIS = YES;
				CLANG_WARN_STRICT_PROTOTYPES = YES;
				CLANG_WARN_SUSPICIOUS_MOVE = YES;
				CLANG_WARN_UNGUARDED_AVAILABILITY = YES_AGGRESSIVE;
				CLANG_WARN_UNREACHABLE_CODE = YES;
				CLANG_WARN__DUPLICATE_METHOD_MATCH = YES;
				COPY_PHASE_STRIP = NO;
				DEBUG_INFORMATION_FORMAT = "dwarf-with-dsym";
				ENABLE_NS_ASSERTIONS = NO;
				ENABLE_STRICT_OBJC_MSGSEND = YES;
				GCC_C_LANGUAGE_STANDARD = gnu11;
				GCC_NO_COMMON_BLOCKS = YES;
				GCC_WARN_64_TO_32_BIT_CONVERSION = YES;
				GCC_WARN_ABOUT_RETURN_TYPE = YES_ERROR;
				GCC_WARN_UNDECLARED_SELECTOR = YES;
				GCC_WARN_UNINITIALIZED_AUTOS = YES_AGGRESSIVE;
				GCC_WARN_UNUSED_FUNCTION = YES;
				GCC_WARN_UNUSED_VARIABLE = YES;
				IPHONEOS_DEPLOYMENT_TARGET = 13.0;
				MTL_ENABLE_DEBUG_INFO = NO;
				MTL_FAST_MATH = YES;
				SDKROOT = iphoneos;
				SWIFT_COMPILATION_MODE = wholemodule;
				SWIFT_OPTIMIZATION_LEVEL = "-O";
				VALIDATE_PRODUCT = YES;
			};
			name = Release;
		};
		5C19B01C23444A4C006B607A /* Debug */ = {
			isa = XCBuildConfiguration;
			buildSettings = {
				ASSETCATALOG_COMPILER_APPICON_NAME = AppIcon;
				CODE_SIGN_STYLE = Automatic;
				DEVELOPMENT_ASSET_PATHS = "\"ARt/Preview Content\"";
				DEVELOPMENT_TEAM = ATP2YPG6A7;
				ENABLE_PREVIEWS = YES;
				INFOPLIST_FILE = ARt/Info.plist;
				LD_RUNPATH_SEARCH_PATHS = (
					"$(inherited)",
					"@executable_path/Frameworks",
				);
				PRODUCT_BUNDLE_IDENTIFIER = com.obolus.art2.ARt;
				PRODUCT_NAME = "$(TARGET_NAME)";
				SWIFT_VERSION = 5.0;
				TARGETED_DEVICE_FAMILY = "1,2";
			};
			name = Debug;
		};
		5C19B01D23444A4C006B607A /* Release */ = {
			isa = XCBuildConfiguration;
			buildSettings = {
				ASSETCATALOG_COMPILER_APPICON_NAME = AppIcon;
				CODE_SIGN_STYLE = Automatic;
				DEVELOPMENT_ASSET_PATHS = "\"ARt/Preview Content\"";
				DEVELOPMENT_TEAM = ATP2YPG6A7;
				ENABLE_PREVIEWS = YES;
				INFOPLIST_FILE = ARt/Info.plist;
				LD_RUNPATH_SEARCH_PATHS = (
					"$(inherited)",
					"@executable_path/Frameworks",
				);
				PRODUCT_BUNDLE_IDENTIFIER = com.obolus.art2.ARt;
				PRODUCT_NAME = "$(TARGET_NAME)";
				SWIFT_VERSION = 5.0;
				TARGETED_DEVICE_FAMILY = "1,2";
			};
			name = Release;
		};
		5C19B01F23444A4C006B607A /* Debug */ = {
			isa = XCBuildConfiguration;
			buildSettings = {
				ALWAYS_EMBED_SWIFT_STANDARD_LIBRARIES = YES;
				BUNDLE_LOADER = "$(TEST_HOST)";
				CODE_SIGN_STYLE = Automatic;
				DEVELOPMENT_TEAM = ATP2YPG6A7;
				INFOPLIST_FILE = ARtTests/Info.plist;
				IPHONEOS_DEPLOYMENT_TARGET = 13.0;
				LD_RUNPATH_SEARCH_PATHS = (
					"$(inherited)",
					"@executable_path/Frameworks",
					"@loader_path/Frameworks",
				);
				PRODUCT_BUNDLE_IDENTIFIER = com.obolus.art2.ARtTests;
				PRODUCT_NAME = "$(TARGET_NAME)";
				SWIFT_VERSION = 5.0;
				TARGETED_DEVICE_FAMILY = "1,2";
				TEST_HOST = "$(BUILT_PRODUCTS_DIR)/ARt.app/ARt";
			};
			name = Debug;
		};
		5C19B02023444A4C006B607A /* Release */ = {
			isa = XCBuildConfiguration;
			buildSettings = {
				ALWAYS_EMBED_SWIFT_STANDARD_LIBRARIES = YES;
				BUNDLE_LOADER = "$(TEST_HOST)";
				CODE_SIGN_STYLE = Automatic;
				DEVELOPMENT_TEAM = ATP2YPG6A7;
				INFOPLIST_FILE = ARtTests/Info.plist;
				IPHONEOS_DEPLOYMENT_TARGET = 13.0;
				LD_RUNPATH_SEARCH_PATHS = (
					"$(inherited)",
					"@executable_path/Frameworks",
					"@loader_path/Frameworks",
				);
				PRODUCT_BUNDLE_IDENTIFIER = com.obolus.art2.ARtTests;
				PRODUCT_NAME = "$(TARGET_NAME)";
				SWIFT_VERSION = 5.0;
				TARGETED_DEVICE_FAMILY = "1,2";
				TEST_HOST = "$(BUILT_PRODUCTS_DIR)/ARt.app/ARt";
			};
			name = Release;
		};
		5C19B02223444A4C006B607A /* Debug */ = {
			isa = XCBuildConfiguration;
			buildSettings = {
				ALWAYS_EMBED_SWIFT_STANDARD_LIBRARIES = YES;
				CODE_SIGN_STYLE = Automatic;
				DEVELOPMENT_TEAM = ATP2YPG6A7;
				INFOPLIST_FILE = ARtUITests/Info.plist;
				LD_RUNPATH_SEARCH_PATHS = (
					"$(inherited)",
					"@executable_path/Frameworks",
					"@loader_path/Frameworks",
				);
				PRODUCT_BUNDLE_IDENTIFIER = com.obolus.art2.ARtUITests;
				PRODUCT_NAME = "$(TARGET_NAME)";
				SWIFT_VERSION = 5.0;
				TARGETED_DEVICE_FAMILY = "1,2";
				TEST_TARGET_NAME = ARt;
			};
			name = Debug;
		};
		5C19B02323444A4C006B607A /* Release */ = {
			isa = XCBuildConfiguration;
			buildSettings = {
				ALWAYS_EMBED_SWIFT_STANDARD_LIBRARIES = YES;
				CODE_SIGN_STYLE = Automatic;
				DEVELOPMENT_TEAM = ATP2YPG6A7;
				INFOPLIST_FILE = ARtUITests/Info.plist;
				LD_RUNPATH_SEARCH_PATHS = (
					"$(inherited)",
					"@executable_path/Frameworks",
					"@loader_path/Frameworks",
				);
				PRODUCT_BUNDLE_IDENTIFIER = com.obolus.art2.ARtUITests;
				PRODUCT_NAME = "$(TARGET_NAME)";
				SWIFT_VERSION = 5.0;
				TARGETED_DEVICE_FAMILY = "1,2";
				TEST_TARGET_NAME = ARt;
			};
			name = Release;
		};
/* End XCBuildConfiguration section */

/* Begin XCConfigurationList section */
		5C19AFEC23444A4A006B607A /* Build configuration list for PBXProject "ARt" */ = {
			isa = XCConfigurationList;
			buildConfigurations = (
				5C19B01923444A4C006B607A /* Debug */,
				5C19B01A23444A4C006B607A /* Release */,
			);
			defaultConfigurationIsVisible = 0;
			defaultConfigurationName = Release;
		};
		5C19B01B23444A4C006B607A /* Build configuration list for PBXNativeTarget "ARt" */ = {
			isa = XCConfigurationList;
			buildConfigurations = (
				5C19B01C23444A4C006B607A /* Debug */,
				5C19B01D23444A4C006B607A /* Release */,
			);
			defaultConfigurationIsVisible = 0;
			defaultConfigurationName = Release;
		};
		5C19B01E23444A4C006B607A /* Build configuration list for PBXNativeTarget "ARtTests" */ = {
			isa = XCConfigurationList;
			buildConfigurations = (
				5C19B01F23444A4C006B607A /* Debug */,
				5C19B02023444A4C006B607A /* Release */,
			);
			defaultConfigurationIsVisible = 0;
			defaultConfigurationName = Release;
		};
		5C19B02123444A4C006B607A /* Build configuration list for PBXNativeTarget "ARtUITests" */ = {
			isa = XCConfigurationList;
			buildConfigurations = (
				5C19B02223444A4C006B607A /* Debug */,
				5C19B02323444A4C006B607A /* Release */,
			);
			defaultConfigurationIsVisible = 0;
			defaultConfigurationName = Release;
		};
/* End XCConfigurationList section */
	};
	rootObject = 5C19AFE923444A4A006B607A /* Project object */;
}
